
Microsoft Visual Studio Solution File, Format Version 12.00
# Visual Studio Version 16
VisualStudioVersion = 16.0.31112.23
MinimumVisualStudioVersion = 10.0.40219.1
Project("{FAE04EC0-301F-11D3-BF4B-00C04F79EFBC}") = "telegramwdg", "telegramwdg\telegramwdg.csproj", "{3D178628-4317-454A-8E82-FED9A764EFA1}"
EndProject
Global
	GlobalSection(SolutionConfigurationPlatforms) = preSolution
		Debug|Any CPU = Debug|Any CPU
		Release|Any CPU = Release|Any CPU
	EndGlobalSection
	GlobalSection(ProjectConfigurationPlatforms) = postSolution
		{3D178628-4317-454A-8E82-FED9A764EFA1}.Debug|Any CPU.ActiveCfg = Debug|Any CPU
		{3D178628-4317-454A-8E82-FED9A764EFA1}.Debug|Any CPU.Build.0 = Debug|Any CPU
		{3D178628-4317-454A-8E82-FED9A764EFA1}.Release|Any CPU.ActiveCfg = Release|Any CPU
		{3D178628-4317-454A-8E82-FED9A764EFA1}.Release|Any CPU.Build.0 = Release|Any CPU
	EndGlobalSection
	GlobalSection(SolutionProperties) = preSolution
		HideSolutionNode = FALSE
	EndGlobalSection
	GlobalSection(ExtensibilityGlobals) = postSolution
		SolutionGuid = {ECD216B4-4144-4066-85D2-481DC4525435}
	EndGlobalSection
EndGlobal
