
Microsoft Visual Studio Solution File, Format Version 12.00
# Visual Studio Version 16
VisualStudioVersion = 16.0.31112.23
MinimumVisualStudioVersion = 10.0.40219.1
Project("{FAE04EC0-301F-11D3-BF4B-00C04F79EFBC}") = "test", "test\test.csproj", "{7EF8CC9C-675A-4CE9-9668-7453922D8EA5}"
EndProject
Project("{FAE04EC0-301F-11D3-BF4B-00C04F79EFBC}") = "telebarwdg", "telebarwdg\telebarwdg.csproj", "{3D178628-4317-454A-8E82-FED9A764EFA1}"
EndProject
Project("{FAE04EC0-301F-11D3-BF4B-00C04F79EFBC}") = "app", "app\app.csproj", "{30415D6F-FCDC-48B4-8D47-88AFC550DCF8}"
EndProject
Project("{FAE04EC0-301F-11D3-BF4B-00C04F79EFBC}") = "testwpf", "testwpf\testwpf.csproj", "{C7E05992-6797-41CA-83F1-FA504556F01A}"
EndProject
Global
	GlobalSection(SolutionConfigurationPlatforms) = preSolution
		Debug|Any CPU = Debug|Any CPU
		Debug|ARM = Debug|ARM
		Debug|ARM64 = Debug|ARM64
		Debug|x64 = Debug|x64
		Debug|x86 = Debug|x86
		Release|Any CPU = Release|Any CPU
		Release|ARM = Release|ARM
		Release|ARM64 = Release|ARM64
		Release|x64 = Release|x64
		Release|x86 = Release|x86
	EndGlobalSection
	GlobalSection(ProjectConfigurationPlatforms) = postSolution
		{7EF8CC9C-675A-4CE9-9668-7453922D8EA5}.Debug|Any CPU.ActiveCfg = Debug|Any CPU
		{7EF8CC9C-675A-4CE9-9668-7453922D8EA5}.Debug|Any CPU.Build.0 = Debug|Any CPU
		{7EF8CC9C-675A-4CE9-9668-7453922D8EA5}.Debug|ARM.ActiveCfg = Debug|Any CPU
		{7EF8CC9C-675A-4CE9-9668-7453922D8EA5}.Debug|ARM.Build.0 = Debug|Any CPU
		{7EF8CC9C-675A-4CE9-9668-7453922D8EA5}.Debug|ARM64.ActiveCfg = Debug|Any CPU
		{7EF8CC9C-675A-4CE9-9668-7453922D8EA5}.Debug|ARM64.Build.0 = Debug|Any CPU
		{7EF8CC9C-675A-4CE9-9668-7453922D8EA5}.Debug|x64.ActiveCfg = Debug|Any CPU
		{7EF8CC9C-675A-4CE9-9668-7453922D8EA5}.Debug|x64.Build.0 = Debug|Any CPU
		{7EF8CC9C-675A-4CE9-9668-7453922D8EA5}.Debug|x86.ActiveCfg = Debug|Any CPU
		{7EF8CC9C-675A-4CE9-9668-7453922D8EA5}.Debug|x86.Build.0 = Debug|Any CPU
		{7EF8CC9C-675A-4CE9-9668-7453922D8EA5}.Release|Any CPU.ActiveCfg = Release|Any CPU
		{7EF8CC9C-675A-4CE9-9668-7453922D8EA5}.Release|Any CPU.Build.0 = Release|Any CPU
		{7EF8CC9C-675A-4CE9-9668-7453922D8EA5}.Release|ARM.ActiveCfg = Release|Any CPU
		{7EF8CC9C-675A-4CE9-9668-7453922D8EA5}.Release|ARM.Build.0 = Release|Any CPU
		{7EF8CC9C-675A-4CE9-9668-7453922D8EA5}.Release|ARM64.ActiveCfg = Release|Any CPU
		{7EF8CC9C-675A-4CE9-9668-7453922D8EA5}.Release|ARM64.Build.0 = Release|Any CPU
		{7EF8CC9C-675A-4CE9-9668-7453922D8EA5}.Release|x64.ActiveCfg = Release|Any CPU
		{7EF8CC9C-675A-4CE9-9668-7453922D8EA5}.Release|x64.Build.0 = Release|Any CPU
		{7EF8CC9C-675A-4CE9-9668-7453922D8EA5}.Release|x86.ActiveCfg = Release|Any CPU
		{7EF8CC9C-675A-4CE9-9668-7453922D8EA5}.Release|x86.Build.0 = Release|Any CPU
		{3D178628-4317-454A-8E82-FED9A764EFA1}.Debug|Any CPU.ActiveCfg = Debug|Any CPU
		{3D178628-4317-454A-8E82-FED9A764EFA1}.Debug|Any CPU.Build.0 = Debug|Any CPU
		{3D178628-4317-454A-8E82-FED9A764EFA1}.Debug|ARM.ActiveCfg = Debug|Any CPU
		{3D178628-4317-454A-8E82-FED9A764EFA1}.Debug|ARM.Build.0 = Debug|Any CPU
		{3D178628-4317-454A-8E82-FED9A764EFA1}.Debug|ARM64.ActiveCfg = Debug|Any CPU
		{3D178628-4317-454A-8E82-FED9A764EFA1}.Debug|ARM64.Build.0 = Debug|Any CPU
		{3D178628-4317-454A-8E82-FED9A764EFA1}.Debug|x64.ActiveCfg = Debug|Any CPU
		{3D178628-4317-454A-8E82-FED9A764EFA1}.Debug|x64.Build.0 = Debug|Any CPU
		{3D178628-4317-454A-8E82-FED9A764EFA1}.Debug|x86.ActiveCfg = Debug|Any CPU
		{3D178628-4317-454A-8E82-FED9A764EFA1}.Debug|x86.Build.0 = Debug|Any CPU
		{3D178628-4317-454A-8E82-FED9A764EFA1}.Release|Any CPU.ActiveCfg = Release|Any CPU
		{3D178628-4317-454A-8E82-FED9A764EFA1}.Release|Any CPU.Build.0 = Release|Any CPU
		{3D178628-4317-454A-8E82-FED9A764EFA1}.Release|ARM.ActiveCfg = Release|Any CPU
		{3D178628-4317-454A-8E82-FED9A764EFA1}.Release|ARM.Build.0 = Release|Any CPU
		{3D178628-4317-454A-8E82-FED9A764EFA1}.Release|ARM64.ActiveCfg = Release|Any CPU
		{3D178628-4317-454A-8E82-FED9A764EFA1}.Release|ARM64.Build.0 = Release|Any CPU
		{3D178628-4317-454A-8E82-FED9A764EFA1}.Release|x64.ActiveCfg = Release|Any CPU
		{3D178628-4317-454A-8E82-FED9A764EFA1}.Release|x64.Build.0 = Release|Any CPU
		{3D178628-4317-454A-8E82-FED9A764EFA1}.Release|x86.ActiveCfg = Release|Any CPU
		{3D178628-4317-454A-8E82-FED9A764EFA1}.Release|x86.Build.0 = Release|Any CPU
		{30415D6F-FCDC-48B4-8D47-88AFC550DCF8}.Debug|Any CPU.ActiveCfg = Debug|Any CPU
		{30415D6F-FCDC-48B4-8D47-88AFC550DCF8}.Debug|Any CPU.Build.0 = Debug|Any CPU
		{30415D6F-FCDC-48B4-8D47-88AFC550DCF8}.Debug|ARM.ActiveCfg = Debug|Any CPU
		{30415D6F-FCDC-48B4-8D47-88AFC550DCF8}.Debug|ARM.Build.0 = Debug|Any CPU
		{30415D6F-FCDC-48B4-8D47-88AFC550DCF8}.Debug|ARM64.ActiveCfg = Debug|Any CPU
		{30415D6F-FCDC-48B4-8D47-88AFC550DCF8}.Debug|ARM64.Build.0 = Debug|Any CPU
		{30415D6F-FCDC-48B4-8D47-88AFC550DCF8}.Debug|x64.ActiveCfg = Debug|Any CPU
		{30415D6F-FCDC-48B4-8D47-88AFC550DCF8}.Debug|x64.Build.0 = Debug|Any CPU
		{30415D6F-FCDC-48B4-8D47-88AFC550DCF8}.Debug|x86.ActiveCfg = Debug|Any CPU
		{30415D6F-FCDC-48B4-8D47-88AFC550DCF8}.Debug|x86.Build.0 = Debug|Any CPU
		{30415D6F-FCDC-48B4-8D47-88AFC550DCF8}.Release|Any CPU.ActiveCfg = Release|Any CPU
		{30415D6F-FCDC-48B4-8D47-88AFC550DCF8}.Release|Any CPU.Build.0 = Release|Any CPU
		{30415D6F-FCDC-48B4-8D47-88AFC550DCF8}.Release|ARM.ActiveCfg = Release|Any CPU
		{30415D6F-FCDC-48B4-8D47-88AFC550DCF8}.Release|ARM.Build.0 = Release|Any CPU
		{30415D6F-FCDC-48B4-8D47-88AFC550DCF8}.Release|ARM64.ActiveCfg = Release|Any CPU
		{30415D6F-FCDC-48B4-8D47-88AFC550DCF8}.Release|ARM64.Build.0 = Release|Any CPU
		{30415D6F-FCDC-48B4-8D47-88AFC550DCF8}.Release|x64.ActiveCfg = Release|Any CPU
		{30415D6F-FCDC-48B4-8D47-88AFC550DCF8}.Release|x64.Build.0 = Release|Any CPU
		{30415D6F-FCDC-48B4-8D47-88AFC550DCF8}.Release|x86.ActiveCfg = Release|Any CPU
		{30415D6F-FCDC-48B4-8D47-88AFC550DCF8}.Release|x86.Build.0 = Release|Any CPU
		{C7E05992-6797-41CA-83F1-FA504556F01A}.Debug|Any CPU.ActiveCfg = Debug|Any CPU
		{C7E05992-6797-41CA-83F1-FA504556F01A}.Debug|Any CPU.Build.0 = Debug|Any CPU
		{C7E05992-6797-41CA-83F1-FA504556F01A}.Debug|ARM.ActiveCfg = Debug|Any CPU
		{C7E05992-6797-41CA-83F1-FA504556F01A}.Debug|ARM.Build.0 = Debug|Any CPU
		{C7E05992-6797-41CA-83F1-FA504556F01A}.Debug|ARM64.ActiveCfg = Debug|Any CPU
		{C7E05992-6797-41CA-83F1-FA504556F01A}.Debug|ARM64.Build.0 = Debug|Any CPU
		{C7E05992-6797-41CA-83F1-FA504556F01A}.Debug|x64.ActiveCfg = Debug|Any CPU
		{C7E05992-6797-41CA-83F1-FA504556F01A}.Debug|x64.Build.0 = Debug|Any CPU
		{C7E05992-6797-41CA-83F1-FA504556F01A}.Debug|x86.ActiveCfg = Debug|Any CPU
		{C7E05992-6797-41CA-83F1-FA504556F01A}.Debug|x86.Build.0 = Debug|Any CPU
		{C7E05992-6797-41CA-83F1-FA504556F01A}.Release|Any CPU.ActiveCfg = Release|Any CPU
		{C7E05992-6797-41CA-83F1-FA504556F01A}.Release|Any CPU.Build.0 = Release|Any CPU
		{C7E05992-6797-41CA-83F1-FA504556F01A}.Release|ARM.ActiveCfg = Release|Any CPU
		{C7E05992-6797-41CA-83F1-FA504556F01A}.Release|ARM.Build.0 = Release|Any CPU
		{C7E05992-6797-41CA-83F1-FA504556F01A}.Release|ARM64.ActiveCfg = Release|Any CPU
		{C7E05992-6797-41CA-83F1-FA504556F01A}.Release|ARM64.Build.0 = Release|Any CPU
		{C7E05992-6797-41CA-83F1-FA504556F01A}.Release|x64.ActiveCfg = Release|Any CPU
		{C7E05992-6797-41CA-83F1-FA504556F01A}.Release|x64.Build.0 = Release|Any CPU
		{C7E05992-6797-41CA-83F1-FA504556F01A}.Release|x86.ActiveCfg = Release|Any CPU
		{C7E05992-6797-41CA-83F1-FA504556F01A}.Release|x86.Build.0 = Release|Any CPU
	EndGlobalSection
	GlobalSection(SolutionProperties) = preSolution
		HideSolutionNode = FALSE
	EndGlobalSection
	GlobalSection(ExtensibilityGlobals) = postSolution
		SolutionGuid = {ECD216B4-4144-4066-85D2-481DC4525435}
	EndGlobalSection
EndGlobal
